// !$*UTF8*$!
{
	archiveVersion = 1;
	classes = {
	};
	objectVersion = 50;
	objects = {

/* Begin PBXBuildFile section */
		6B1EBCE522FAEF6F007A1C2F /* AppDelegate.m in Sources */ = {isa = PBXBuildFile; fileRef = 6B1EBCE422FAEF6F007A1C2F /* AppDelegate.m */; };
		6B1EBCE822FAEF6F007A1C2F /* ViewController.m in Sources */ = {isa = PBXBuildFile; fileRef = 6B1EBCE722FAEF6F007A1C2F /* ViewController.m */; };
		6B1EBCEB22FAEF6F007A1C2F /* Main.storyboard in Resources */ = {isa = PBXBuildFile; fileRef = 6B1EBCE922FAEF6F007A1C2F /* Main.storyboard */; };
		6B1EBCED22FAEF70007A1C2F /* Assets.xcassets in Resources */ = {isa = PBXBuildFile; fileRef = 6B1EBCEC22FAEF70007A1C2F /* Assets.xcassets */; };
		6B1EBCF022FAEF70007A1C2F /* LaunchScreen.storyboard in Resources */ = {isa = PBXBuildFile; fileRef = 6B1EBCEE22FAEF70007A1C2F /* LaunchScreen.storyboard */; };
		6B1EBCF322FAEF70007A1C2F /* main.m in Sources */ = {isa = PBXBuildFile; fileRef = 6B1EBCF222FAEF70007A1C2F /* main.m */; };
		6B1EBCFD22FAEF70007A1C2F /* ProjectBTests.m in Sources */ = {isa = PBXBuildFile; fileRef = 6B1EBCFC22FAEF70007A1C2F /* ProjectBTests.m */; };
		6B1EBD0822FAEF70007A1C2F /* ProjectBUITests.m in Sources */ = {isa = PBXBuildFile; fileRef = 6B1EBD0722FAEF70007A1C2F /* ProjectBUITests.m */; };
		6BDB908D22FBB3DA0087BA67 /* UIViewController+SQRoute.m in Sources */ = {isa = PBXBuildFile; fileRef = 6BDB908C22FBB3DA0087BA67 /* UIViewController+SQRoute.m */; };
		6BDB909022FBB4E20087BA67 /* SQBaseViewController.m in Sources */ = {isa = PBXBuildFile; fileRef = 6BDB908F22FBB4E20087BA67 /* SQBaseViewController.m */; };
		6BDB909422FBC0140087BA67 /* UtilTool.m in Sources */ = {isa = PBXBuildFile; fileRef = 6BDB909322FBC0140087BA67 /* UtilTool.m */; };
/* End PBXBuildFile section */

/* Begin PBXContainerItemProxy section */
		6B1EBCF922FAEF70007A1C2F /* PBXContainerItemProxy */ = {
			isa = PBXContainerItemProxy;
			containerPortal = 6B1EBCD822FAEF6F007A1C2F /* Project object */;
			proxyType = 1;
			remoteGlobalIDString = 6B1EBCDF22FAEF6F007A1C2F;
			remoteInfo = ProjectB;
		};
		6B1EBD0422FAEF70007A1C2F /* PBXContainerItemProxy */ = {
			isa = PBXContainerItemProxy;
			containerPortal = 6B1EBCD822FAEF6F007A1C2F /* Project object */;
			proxyType = 1;
			remoteGlobalIDString = 6B1EBCDF22FAEF6F007A1C2F;
			remoteInfo = ProjectB;
		};
/* End PBXContainerItemProxy section */

/* Begin PBXFileReference section */
		6B1EBCE022FAEF6F007A1C2F /* ProjectB.app */ = {isa = PBXFileReference; explicitFileType = wrapper.application; includeInIndex = 0; path = ProjectB.app; sourceTree = BUILT_PRODUCTS_DIR; };
		6B1EBCE322FAEF6F007A1C2F /* AppDelegate.h */ = {isa = PBXFileReference; lastKnownFileType = sourcecode.c.h; path = AppDelegate.h; sourceTree = "<group>"; };
		6B1EBCE422FAEF6F007A1C2F /* AppDelegate.m */ = {isa = PBXFileReference; lastKnownFileType = sourcecode.c.objc; path = AppDelegate.m; sourceTree = "<group>"; };
		6B1EBCE622FAEF6F007A1C2F /* ViewController.h */ = {isa = PBXFileReference; lastKnownFileType = sourcecode.c.h; path = ViewController.h; sourceTree = "<group>"; };
		6B1EBCE722FAEF6F007A1C2F /* ViewController.m */ = {isa = PBXFileReference; lastKnownFileType = sourcecode.c.objc; path = ViewController.m; sourceTree = "<group>"; };
		6B1EBCEA22FAEF6F007A1C2F /* Base */ = {isa = PBXFileReference; lastKnownFileType = file.storyboard; name = Base; path = Base.lproj/Main.storyboard; sourceTree = "<group>"; };
		6B1EBCEC22FAEF70007A1C2F /* Assets.xcassets */ = {isa = PBXFileReference; lastKnownFileType = folder.assetcatalog; path = Assets.xcassets; sourceTree = "<group>"; };
		6B1EBCEF22FAEF70007A1C2F /* Base */ = {isa = PBXFileReference; lastKnownFileType = file.storyboard; name = Base; path = Base.lproj/LaunchScreen.storyboard; sourceTree = "<group>"; };
		6B1EBCF122FAEF70007A1C2F /* Info.plist */ = {isa = PBXFileReference; lastKnownFileType = text.plist.xml; path = Info.plist; sourceTree = "<group>"; };
		6B1EBCF222FAEF70007A1C2F /* main.m */ = {isa = PBXFileReference; lastKnownFileType = sourcecode.c.objc; path = main.m; sourceTree = "<group>"; };
		6B1EBCF822FAEF70007A1C2F /* ProjectBTests.xctest */ = {isa = PBXFileReference; explicitFileType = wrapper.cfbundle; includeInIndex = 0; path = ProjectBTests.xctest; sourceTree = BUILT_PRODUCTS_DIR; };
		6B1EBCFC22FAEF70007A1C2F /* ProjectBTests.m */ = {isa = PBXFileReference; lastKnownFileType = sourcecode.c.objc; path = ProjectBTests.m; sourceTree = "<group>"; };
		6B1EBCFE22FAEF70007A1C2F /* Info.plist */ = {isa = PBXFileReference; lastKnownFileType = text.plist.xml; path = Info.plist; sourceTree = "<group>"; };
		6B1EBD0322FAEF70007A1C2F /* ProjectBUITests.xctest */ = {isa = PBXFileReference; explicitFileType = wrapper.cfbundle; includeInIndex = 0; path = ProjectBUITests.xctest; sourceTree = BUILT_PRODUCTS_DIR; };
		6B1EBD0722FAEF70007A1C2F /* ProjectBUITests.m */ = {isa = PBXFileReference; lastKnownFileType = sourcecode.c.objc; path = ProjectBUITests.m; sourceTree = "<group>"; };
		6B1EBD0922FAEF70007A1C2F /* Info.plist */ = {isa = PBXFileReference; lastKnownFileType = text.plist.xml; path = Info.plist; sourceTree = "<group>"; };
		6BDB908B22FBB3DA0087BA67 /* UIViewController+SQRoute.h */ = {isa = PBXFileReference; fileEncoding = 4; lastKnownFileType = sourcecode.c.h; path = "UIViewController+SQRoute.h"; sourceTree = "<group>"; };
		6BDB908C22FBB3DA0087BA67 /* UIViewController+SQRoute.m */ = {isa = PBXFileReference; fileEncoding = 4; lastKnownFileType = sourcecode.c.objc; path = "UIViewController+SQRoute.m"; sourceTree = "<group>"; };
		6BDB908E22FBB4E20087BA67 /* SQBaseViewController.h */ = {isa = PBXFileReference; lastKnownFileType = sourcecode.c.h; path = SQBaseViewController.h; sourceTree = "<group>"; };
		6BDB908F22FBB4E20087BA67 /* SQBaseViewController.m */ = {isa = PBXFileReference; lastKnownFileType = sourcecode.c.objc; path = SQBaseViewController.m; sourceTree = "<group>"; };
		6BDB909222FBC0140087BA67 /* UtilTool.h */ = {isa = PBXFileReference; lastKnownFileType = sourcecode.c.h; path = UtilTool.h; sourceTree = "<group>"; };
		6BDB909322FBC0140087BA67 /* UtilTool.m */ = {isa = PBXFileReference; lastKnownFileType = sourcecode.c.objc; path = UtilTool.m; sourceTree = "<group>"; };
/* End PBXFileReference section */

/* Begin PBXFrameworksBuildPhase section */
		6B1EBCDD22FAEF6F007A1C2F /* Frameworks */ = {
			isa = PBXFrameworksBuildPhase;
			buildActionMask = 2147483647;
			files = (
			);
			runOnlyForDeploymentPostprocessing = 0;
		};
		6B1EBCF522FAEF70007A1C2F /* Frameworks */ = {
			isa = PBXFrameworksBuildPhase;
			buildActionMask = 2147483647;
			files = (
			);
			runOnlyForDeploymentPostprocessing = 0;
		};
		6B1EBD0022FAEF70007A1C2F /* Frameworks */ = {
			isa = PBXFrameworksBuildPhase;
			buildActionMask = 2147483647;
			files = (
			);
			runOnlyForDeploymentPostprocessing = 0;
		};
/* End PBXFrameworksBuildPhase section */

/* Begin PBXGroup section */
		6B1EBCD722FAEF6F007A1C2F = {
			isa = PBXGroup;
			children = (
				6B1EBCE222FAEF6F007A1C2F /* ProjectB */,
				6B1EBCFB22FAEF70007A1C2F /* ProjectBTests */,
				6B1EBD0622FAEF70007A1C2F /* ProjectBUITests */,
				6B1EBCE122FAEF6F007A1C2F /* Products */,
			);
			sourceTree = "<group>";
		};
		6B1EBCE122FAEF6F007A1C2F /* Products */ = {
			isa = PBXGroup;
			children = (
				6B1EBCE022FAEF6F007A1C2F /* ProjectB.app */,
				6B1EBCF822FAEF70007A1C2F /* ProjectBTests.xctest */,
				6B1EBD0322FAEF70007A1C2F /* ProjectBUITests.xctest */,
			);
			name = Products;
			sourceTree = "<group>";
		};
		6B1EBCE222FAEF6F007A1C2F /* ProjectB */ = {
			isa = PBXGroup;
			children = (
				6BDB909122FBB9B10087BA67 /* Tool */,
				6BDB908A22FBB3CC0087BA67 /* Category */,
				6B1EBCE322FAEF6F007A1C2F /* AppDelegate.h */,
				6B1EBCE422FAEF6F007A1C2F /* AppDelegate.m */,
				6B1EBCE622FAEF6F007A1C2F /* ViewController.h */,
				6B1EBCE722FAEF6F007A1C2F /* ViewController.m */,
				6B1EBCE922FAEF6F007A1C2F /* Main.storyboard */,
				6B1EBCEC22FAEF70007A1C2F /* Assets.xcassets */,
				6B1EBCEE22FAEF70007A1C2F /* LaunchScreen.storyboard */,
				6B1EBCF122FAEF70007A1C2F /* Info.plist */,
				6B1EBCF222FAEF70007A1C2F /* main.m */,
				6BDB908E22FBB4E20087BA67 /* SQBaseViewController.h */,
				6BDB908F22FBB4E20087BA67 /* SQBaseViewController.m */,
			);
			path = ProjectB;
			sourceTree = "<group>";
		};
		6B1EBCFB22FAEF70007A1C2F /* ProjectBTests */ = {
			isa = PBXGroup;
			children = (
				6B1EBCFC22FAEF70007A1C2F /* ProjectBTests.m */,
				6B1EBCFE22FAEF70007A1C2F /* Info.plist */,
			);
			path = ProjectBTests;
			sourceTree = "<group>";
		};
		6B1EBD0622FAEF70007A1C2F /* ProjectBUITests */ = {
			isa = PBXGroup;
			children = (
				6B1EBD0722FAEF70007A1C2F /* ProjectBUITests.m */,
				6B1EBD0922FAEF70007A1C2F /* Info.plist */,
			);
			path = ProjectBUITests;
			sourceTree = "<group>";
		};
		6BDB908A22FBB3CC0087BA67 /* Category */ = {
			isa = PBXGroup;
			children = (
				6BDB908B22FBB3DA0087BA67 /* UIViewController+SQRoute.h */,
				6BDB908C22FBB3DA0087BA67 /* UIViewController+SQRoute.m */,
			);
			path = Category;
			sourceTree = "<group>";
		};
		6BDB909122FBB9B10087BA67 /* Tool */ = {
			isa = PBXGroup;
			children = (
				6BDB909222FBC0140087BA67 /* UtilTool.h */,
				6BDB909322FBC0140087BA67 /* UtilTool.m */,
			);
			path = Tool;
			sourceTree = "<group>";
		};
/* End PBXGroup section */

/* Begin PBXNativeTarget section */
		6B1EBCDF22FAEF6F007A1C2F /* ProjectB */ = {
			isa = PBXNativeTarget;
			buildConfigurationList = 6B1EBD0C22FAEF70007A1C2F /* Build configuration list for PBXNativeTarget "ProjectB" */;
			buildPhases = (
				6B1EBCDC22FAEF6F007A1C2F /* Sources */,
				6B1EBCDD22FAEF6F007A1C2F /* Frameworks */,
				6B1EBCDE22FAEF6F007A1C2F /* Resources */,
			);
			buildRules = (
			);
			dependencies = (
			);
			name = ProjectB;
			productName = ProjectB;
			productReference = 6B1EBCE022FAEF6F007A1C2F /* ProjectB.app */;
			productType = "com.apple.product-type.application";
		};
		6B1EBCF722FAEF70007A1C2F /* ProjectBTests */ = {
			isa = PBXNativeTarget;
			buildConfigurationList = 6B1EBD0F22FAEF70007A1C2F /* Build configuration list for PBXNativeTarget "ProjectBTests" */;
			buildPhases = (
				6B1EBCF422FAEF70007A1C2F /* Sources */,
				6B1EBCF522FAEF70007A1C2F /* Frameworks */,
				6B1EBCF622FAEF70007A1C2F /* Resources */,
			);
			buildRules = (
			);
			dependencies = (
				6B1EBCFA22FAEF70007A1C2F /* PBXTargetDependency */,
			);
			name = ProjectBTests;
			productName = ProjectBTests;
			productReference = 6B1EBCF822FAEF70007A1C2F /* ProjectBTests.xctest */;
			productType = "com.apple.product-type.bundle.unit-test";
		};
		6B1EBD0222FAEF70007A1C2F /* ProjectBUITests */ = {
			isa = PBXNativeTarget;
			buildConfigurationList = 6B1EBD1222FAEF70007A1C2F /* Build configuration list for PBXNativeTarget "ProjectBUITests" */;
			buildPhases = (
				6B1EBCFF22FAEF70007A1C2F /* Sources */,
				6B1EBD0022FAEF70007A1C2F /* Frameworks */,
				6B1EBD0122FAEF70007A1C2F /* Resources */,
			);
			buildRules = (
			);
			dependencies = (
				6B1EBD0522FAEF70007A1C2F /* PBXTargetDependency */,
			);
			name = ProjectBUITests;
			productName = ProjectBUITests;
			productReference = 6B1EBD0322FAEF70007A1C2F /* ProjectBUITests.xctest */;
			productType = "com.apple.product-type.bundle.ui-testing";
		};
/* End PBXNativeTarget section */

/* Begin PBXProject section */
		6B1EBCD822FAEF6F007A1C2F /* Project object */ = {
			isa = PBXProject;
			attributes = {
				LastUpgradeCheck = 1020;
				ORGANIZATIONNAME = James;
				TargetAttributes = {
					6B1EBCDF22FAEF6F007A1C2F = {
						CreatedOnToolsVersion = 10.2.1;
					};
					6B1EBCF722FAEF70007A1C2F = {
						CreatedOnToolsVersion = 10.2.1;
						TestTargetID = 6B1EBCDF22FAEF6F007A1C2F;
					};
					6B1EBD0222FAEF70007A1C2F = {
						CreatedOnToolsVersion = 10.2.1;
						TestTargetID = 6B1EBCDF22FAEF6F007A1C2F;
					};
				};
			};
			buildConfigurationList = 6B1EBCDB22FAEF6F007A1C2F /* Build configuration list for PBXProject "ProjectB" */;
			compatibilityVersion = "Xcode 9.3";
			developmentRegion = en;
			hasScannedForEncodings = 0;
			knownRegions = (
				en,
				Base,
			);
			mainGroup = 6B1EBCD722FAEF6F007A1C2F;
			productRefGroup = 6B1EBCE122FAEF6F007A1C2F /* Products */;
			projectDirPath = "";
			projectRoot = "";
			targets = (
				6B1EBCDF22FAEF6F007A1C2F /* ProjectB */,
				6B1EBCF722FAEF70007A1C2F /* ProjectBTests */,
				6B1EBD0222FAEF70007A1C2F /* ProjectBUITests */,
			);
		};
/* End PBXProject section */

/* Begin PBXResourcesBuildPhase section */
		6B1EBCDE22FAEF6F007A1C2F /* Resources */ = {
			isa = PBXResourcesBuildPhase;
			buildActionMask = 2147483647;
			files = (
				6B1EBCF022FAEF70007A1C2F /* LaunchScreen.storyboard in Resources */,
				6B1EBCED22FAEF70007A1C2F /* Assets.xcassets in Resources */,
				6B1EBCEB22FAEF6F007A1C2F /* Main.storyboard in Resources */,
			);
			runOnlyForDeploymentPostprocessing = 0;
		};
		6B1EBCF622FAEF70007A1C2F /* Resources */ = {
			isa = PBXResourcesBuildPhase;
			buildActionMask = 2147483647;
			files = (
			);
			runOnlyForDeploymentPostprocessing = 0;
		};
		6B1EBD0122FAEF70007A1C2F /* Resources */ = {
			isa = PBXResourcesBuildPhase;
			buildActionMask = 2147483647;
			files = (
			);
			runOnlyForDeploymentPostprocessing = 0;
		};
/* End PBXResourcesBuildPhase section */

/* Begin PBXSourcesBuildPhase section */
		6B1EBCDC22FAEF6F007A1C2F /* Sources */ = {
			isa = PBXSourcesBuildPhase;
			buildActionMask = 2147483647;
			files = (
				6BDB909022FBB4E20087BA67 /* SQBaseViewController.m in Sources */,
				6BDB909422FBC0140087BA67 /* UtilTool.m in Sources */,
				6B1EBCE822FAEF6F007A1C2F /* ViewController.m in Sources */,
				6BDB908D22FBB3DA0087BA67 /* UIViewController+SQRoute.m in Sources */,
				6B1EBCF322FAEF70007A1C2F /* main.m in Sources */,
				6B1EBCE522FAEF6F007A1C2F /* AppDelegate.m in Sources */,
			);
			runOnlyForDeploymentPostprocessing = 0;
		};
		6B1EBCF422FAEF70007A1C2F /* Sources */ = {
			isa = PBXSourcesBuildPhase;
			buildActionMask = 2147483647;
			files = (
				6B1EBCFD22FAEF70007A1C2F /* ProjectBTests.m in Sources */,
			);
			runOnlyForDeploymentPostprocessing = 0;
		};
		6B1EBCFF22FAEF70007A1C2F /* Sources */ = {
			isa = PBXSourcesBuildPhase;
			buildActionMask = 2147483647;
			files = (
				6B1EBD0822FAEF70007A1C2F /* ProjectBUITests.m in Sources */,
			);
			runOnlyForDeploymentPostprocessing = 0;
		};
/* End PBXSourcesBuildPhase section */

/* Begin PBXTargetDependency section */
		6B1EBCFA22FAEF70007A1C2F /* PBXTargetDependency */ = {
			isa = PBXTargetDependency;
			target = 6B1EBCDF22FAEF6F007A1C2F /* ProjectB */;
			targetProxy = 6B1EBCF922FAEF70007A1C2F /* PBXContainerItemProxy */;
		};
		6B1EBD0522FAEF70007A1C2F /* PBXTargetDependency */ = {
			isa = PBXTargetDependency;
			target = 6B1EBCDF22FAEF6F007A1C2F /* ProjectB */;
			targetProxy = 6B1EBD0422FAEF70007A1C2F /* PBXContainerItemProxy */;
		};
/* End PBXTargetDependency section */

/* Begin PBXVariantGroup section */
		6B1EBCE922FAEF6F007A1C2F /* Main.storyboard */ = {
			isa = PBXVariantGroup;
			children = (
				6B1EBCEA22FAEF6F007A1C2F /* Base */,
			);
			name = Main.storyboard;
			sourceTree = "<group>";
		};
		6B1EBCEE22FAEF70007A1C2F /* LaunchScreen.storyboard */ = {
			isa = PBXVariantGroup;
			children = (
				6B1EBCEF22FAEF70007A1C2F /* Base */,
			);
			name = LaunchScreen.storyboard;
			sourceTree = "<group>";
		};
/* End PBXVariantGroup section */

/* Begin XCBuildConfiguration section */
		6B1EBD0A22FAEF70007A1C2F /* Debug */ = {
			isa = XCBuildConfiguration;
			buildSettings = {
				ALWAYS_SEARCH_USER_PATHS = NO;
				CLANG_ANALYZER_NONNULL = YES;
				CLANG_ANALYZER_NUMBER_OBJECT_CONVERSION = YES_AGGRESSIVE;
				CLANG_CXX_LANGUAGE_STANDARD = "gnu++14";
				CLANG_CXX_LIBRARY = "libc++";
				CLANG_ENABLE_MODULES = YES;
				CLANG_ENABLE_OBJC_ARC = YES;
				CLANG_ENABLE_OBJC_WEAK = YES;
				CLANG_WARN_BLOCK_CAPTURE_AUTORELEASING = YES;
				CLANG_WARN_BOOL_CONVERSION = YES;
				CLANG_WARN_COMMA = YES;
				CLANG_WARN_CONSTANT_CONVERSION = YES;
				CLANG_WARN_DEPRECATED_OBJC_IMPLEMENTATIONS = YES;
				CLANG_WARN_DIRECT_OBJC_ISA_USAGE = YES_ERROR;
				CLANG_WARN_DOCUMENTATION_COMMENTS = YES;
				CLANG_WARN_EMPTY_BODY = YES;
				CLANG_WARN_ENUM_CONVERSION = YES;
				CLANG_WARN_INFINITE_RECURSION = YES;
				CLANG_WARN_INT_CONVERSION = YES;
				CLANG_WARN_NON_LITERAL_NULL_CONVERSION = YES;
				CLANG_WARN_OBJC_IMPLICIT_RETAIN_SELF = YES;
				CLANG_WARN_OBJC_LITERAL_CONVERSION = YES;
				CLANG_WARN_OBJC_ROOT_CLASS = YES_ERROR;
				CLANG_WARN_RANGE_LOOP_ANALYSIS = YES;
				CLANG_WARN_STRICT_PROTOTYPES = YES;
				CLANG_WARN_SUSPICIOUS_MOVE = YES;
				CLANG_WARN_UNGUARDED_AVAILABILITY = YES_AGGRESSIVE;
				CLANG_WARN_UNREACHABLE_CODE = YES;
				CLANG_WARN__DUPLICATE_METHOD_MATCH = YES;
				CODE_SIGN_IDENTITY = "iPhone Developer";
				COPY_PHASE_STRIP = NO;
				DEBUG_INFORMATION_FORMAT = dwarf;
				ENABLE_STRICT_OBJC_MSGSEND = YES;
				ENABLE_TESTABILITY = YES;
				GCC_C_LANGUAGE_STANDARD = gnu11;
				GCC_DYNAMIC_NO_PIC = NO;
				GCC_NO_COMMON_BLOCKS = YES;
				GCC_OPTIMIZATION_LEVEL = 0;
				GCC_PREPROCESSOR_DEFINITIONS = (
					"DEBUG=1",
					"$(inherited)",
				);
				GCC_WARN_64_TO_32_BIT_CONVERSION = YES;
				GCC_WARN_ABOUT_RETURN_TYPE = YES_ERROR;
				GCC_WARN_UNDECLARED_SELECTOR = YES;
				GCC_WARN_UNINITIALIZED_AUTOS = YES_AGGRESSIVE;
				GCC_WARN_UNUSED_FUNCTION = YES;
				GCC_WARN_UNUSED_VARIABLE = YES;
				IPHONEOS_DEPLOYMENT_TARGET = 12.2;
				MTL_ENABLE_DEBUG_INFO = INCLUDE_SOURCE;
				MTL_FAST_MATH = YES;
				ONLY_ACTIVE_ARCH = YES;
				SDKROOT = iphoneos;
			};
			name = Debug;
		};
		6B1EBD0B22FAEF70007A1C2F /* Release */ = {
			isa = XCBuildConfiguration;
			buildSettings = {
				ALWAYS_SEARCH_USER_PATHS = NO;
				CLANG_ANALYZER_NONNULL = YES;
				CLANG_ANALYZER_NUMBER_OBJECT_CONVERSION = YES_AGGRESSIVE;
				CLANG_CXX_LANGUAGE_STANDARD = "gnu++14";
				CLANG_CXX_LIBRARY = "libc++";
				CLANG_ENABLE_MODULES = YES;
				CLANG_ENABLE_OBJC_ARC = YES;
				CLANG_ENABLE_OBJC_WEAK = YES;
				CLANG_WARN_BLOCK_CAPTURE_AUTORELEASING = YES;
				CLANG_WARN_BOOL_CONVERSION = YES;
				CLANG_WARN_COMMA = YES;
				CLANG_WARN_CONSTANT_CONVERSION = YES;
				CLANG_WARN_DEPRECATED_OBJC_IMPLEMENTATIONS = YES;
				CLANG_WARN_DIRECT_OBJC_ISA_USAGE = YES_ERROR;
				CLANG_WARN_DOCUMENTATION_COMMENTS = YES;
				CLANG_WARN_EMPTY_BODY = YES;
				CLANG_WARN_ENUM_CONVERSION = YES;
				CLANG_WARN_INFINITE_RECURSION = YES;
				CLANG_WARN_INT_CONVERSION = YES;
				CLANG_WARN_NON_LITERAL_NULL_CONVERSION = YES;
				CLANG_WARN_OBJC_IMPLICIT_RETAIN_SELF = YES;
				CLANG_WARN_OBJC_LITERAL_CONVERSION = YES;
				CLANG_WARN_OBJC_ROOT_CLASS = YES_ERROR;
				CLANG_WARN_RANGE_LOOP_ANALYSIS = YES;
				CLANG_WARN_STRICT_PROTOTYPES = YES;
				CLANG_WARN_SUSPICIOUS_MOVE = YES;
				CLANG_WARN_UNGUARDED_AVAILABILITY = YES_AGGRESSIVE;
				CLANG_WARN_UNREACHABLE_CODE = YES;
				CLANG_WARN__DUPLICATE_METHOD_MATCH = YES;
				CODE_SIGN_IDENTITY = "iPhone Developer";
				COPY_PHASE_STRIP = NO;
				DEBUG_INFORMATION_FORMAT = "dwarf-with-dsym";
				ENABLE_NS_ASSERTIONS = NO;
				ENABLE_STRICT_OBJC_MSGSEND = YES;
				GCC_C_LANGUAGE_STANDARD = gnu11;
				GCC_NO_COMMON_BLOCKS = YES;
				GCC_WARN_64_TO_32_BIT_CONVERSION = YES;
				GCC_WARN_ABOUT_RETURN_TYPE = YES_ERROR;
				GCC_WARN_UNDECLARED_SELECTOR = YES;
				GCC_WARN_UNINITIALIZED_AUTOS = YES_AGGRESSIVE;
				GCC_WARN_UNUSED_FUNCTION = YES;
				GCC_WARN_UNUSED_VARIABLE = YES;
				IPHONEOS_DEPLOYMENT_TARGET = 12.2;
				MTL_ENABLE_DEBUG_INFO = NO;
				MTL_FAST_MATH = YES;
				SDKROOT = iphoneos;
				VALIDATE_PRODUCT = YES;
			};
			name = Release;
		};
		6B1EBD0D22FAEF70007A1C2F /* Debug */ = {
			isa = XCBuildConfiguration;
			buildSettings = {
				ASSETCATALOG_COMPILER_APPICON_NAME = AppIcon;
				CODE_SIGN_STYLE = Automatic;
				INFOPLIST_FILE = ProjectB/Info.plist;
				LD_RUNPATH_SEARCH_PATHS = (
					"$(inherited)",
					"@executable_path/Frameworks",
				);
				PRODUCT_BUNDLE_IDENTIFIER = com.tzw.ProjectB;
				PRODUCT_NAME = "$(TARGET_NAME)";
				TARGETED_DEVICE_FAMILY = "1,2";
			};
			name = Debug;
		};
		6B1EBD0E22FAEF70007A1C2F /* Release */ = {
			isa = XCBuildConfiguration;
			buildSettings = {
				ASSETCATALOG_COMPILER_APPICON_NAME = AppIcon;
				CODE_SIGN_STYLE = Automatic;
				INFOPLIST_FILE = ProjectB/Info.plist;
				LD_RUNPATH_SEARCH_PATHS = (
					"$(inherited)",
					"@executable_path/Frameworks",
				);
				PRODUCT_BUNDLE_IDENTIFIER = com.tzw.ProjectB;
				PRODUCT_NAME = "$(TARGET_NAME)";
				TARGETED_DEVICE_FAMILY = "1,2";
			};
			name = Release;
		};
		6B1EBD1022FAEF70007A1C2F /* Debug */ = {
			isa = XCBuildConfiguration;
			buildSettings = {
				BUNDLE_LOADER = "$(TEST_HOST)";
				CODE_SIGN_STYLE = Automatic;
				INFOPLIST_FILE = ProjectBTests/Info.plist;
				LD_RUNPATH_SEARCH_PATHS = (
					"$(inherited)",
					"@executable_path/Frameworks",
					"@loader_path/Frameworks",
				);
				PRODUCT_BUNDLE_IDENTIFIER = com.tzw.ProjectBTests;
				PRODUCT_NAME = "$(TARGET_NAME)";
				TARGETED_DEVICE_FAMILY = "1,2";
				TEST_HOST = "$(BUILT_PRODUCTS_DIR)/ProjectB.app/ProjectB";
			};
			name = Debug;
		};
		6B1EBD1122FAEF70007A1C2F /* Release */ = {
			isa = XCBuildConfiguration;
			buildSettings = {
				BUNDLE_LOADER = "$(TEST_HOST)";
				CODE_SIGN_STYLE = Automatic;
				INFOPLIST_FILE = ProjectBTests/Info.plist;
				LD_RUNPATH_SEARCH_PATHS = (
					"$(inherited)",
					"@executable_path/Frameworks",
					"@loader_path/Frameworks",
				);
				PRODUCT_BUNDLE_IDENTIFIER = com.tzw.ProjectBTests;
				PRODUCT_NAME = "$(TARGET_NAME)";
				TARGETED_DEVICE_FAMILY = "1,2";
				TEST_HOST = "$(BUILT_PRODUCTS_DIR)/ProjectB.app/ProjectB";
			};
			name = Release;
		};
		6B1EBD1322FAEF70007A1C2F /* Debug */ = {
			isa = XCBuildConfiguration;
			buildSettings = {
				CODE_SIGN_STYLE = Automatic;
				INFOPLIST_FILE = ProjectBUITests/Info.plist;
				LD_RUNPATH_SEARCH_PATHS = (
					"$(inherited)",
					"@executable_path/Frameworks",
					"@loader_path/Frameworks",
				);
				PRODUCT_BUNDLE_IDENTIFIER = com.tzw.ProjectBUITests;
				PRODUCT_NAME = "$(TARGET_NAME)";
				TARGETED_DEVICE_FAMILY = "1,2";
				TEST_TARGET_NAME = ProjectB;
			};
			name = Debug;
		};
		6B1EBD1422FAEF70007A1C2F /* Release */ = {
			isa = XCBuildConfiguration;
			buildSettings = {
				CODE_SIGN_STYLE = Automatic;
				INFOPLIST_FILE = ProjectBUITests/Info.plist;
				LD_RUNPATH_SEARCH_PATHS = (
					"$(inherited)",
					"@executable_path/Frameworks",
					"@loader_path/Frameworks",
				);
				PRODUCT_BUNDLE_IDENTIFIER = com.tzw.ProjectBUITests;
				PRODUCT_NAME = "$(TARGET_NAME)";
				TARGETED_DEVICE_FAMILY = "1,2";
				TEST_TARGET_NAME = ProjectB;
			};
			name = Release;
		};
/* End XCBuildConfiguration section */

/* Begin XCConfigurationList section */
		6B1EBCDB22FAEF6F007A1C2F /* Build configuration list for PBXProject "ProjectB" */ = {
			isa = XCConfigurationList;
			buildConfigurations = (
				6B1EBD0A22FAEF70007A1C2F /* Debug */,
				6B1EBD0B22FAEF70007A1C2F /* Release */,
			);
			defaultConfigurationIsVisible = 0;
			defaultConfigurationName = Release;
		};
		6B1EBD0C22FAEF70007A1C2F /* Build configuration list for PBXNativeTarget "ProjectB" */ = {
			isa = XCConfigurationList;
			buildConfigurations = (
				6B1EBD0D22FAEF70007A1C2F /* Debug */,
				6B1EBD0E22FAEF70007A1C2F /* Release */,
			);
			defaultConfigurationIsVisible = 0;
			defaultConfigurationName = Release;
		};
		6B1EBD0F22FAEF70007A1C2F /* Build configuration list for PBXNativeTarget "ProjectBTests" */ = {
			isa = XCConfigurationList;
			buildConfigurations = (
				6B1EBD1022FAEF70007A1C2F /* Debug */,
				6B1EBD1122FAEF70007A1C2F /* Release */,
			);
			defaultConfigurationIsVisible = 0;
			defaultConfigurationName = Release;
		};
		6B1EBD1222FAEF70007A1C2F /* Build configuration list for PBXNativeTarget "ProjectBUITests" */ = {
			isa = XCConfigurationList;
			buildConfigurations = (
				6B1EBD1322FAEF70007A1C2F /* Debug */,
				6B1EBD1422FAEF70007A1C2F /* Release */,
			);
			defaultConfigurationIsVisible = 0;
			defaultConfigurationName = Release;
		};
/* End XCConfigurationList section */
	};
	rootObject = 6B1EBCD822FAEF6F007A1C2F /* Project object */;
}
